{
  "name": "frontend",
  "lockfileVersion": 3,
  "requires": true,
  "packages": {
    "": {
      "dependencies": {
        "@progress/kendo-theme-default": "^8.2.1"
      }
    },
    "node_modules/@progress/kendo-svg-icons": {
      "version": "3.0.0",
      "resolved": "https://registry.npmjs.org/@progress/kendo-svg-icons/-/kendo-svg-icons-3.0.0.tgz",
      "integrity": "sha512-+Hk0YWhxd9rIvFNX6T+L0P2x9/DJ8Z4baHWY4xT2ntjVK9IasSPgMmfQiAfs58q3vTiyZNkmx7Yfrdg5Mqh8Aw=="
    },
    "node_modules/@progress/kendo-theme-core": {
      "version": "8.2.0",
      "resolved": "https://registry.npmjs.org/@progress/kendo-theme-core/-/kendo-theme-core-8.2.0.tgz",
      "integrity": "sha512-PttG/mHaGmt3tr3nEec1n0id1H0sK5PDDkWL++4uOPUNmv201qjjaqnJ7FdbCfNPl4w0skansMI2MDr3Xu61dw=="
    },
    "node_modules/@progress/kendo-theme-default": {
      "version": "8.2.1",
      "resolved": "https://registry.npmjs.org/@progress/kendo-theme-default/-/kendo-theme-default-8.2.1.tgz",
      "integrity": "sha512-rEuyOLGHCVYGiKTK77xqWJn7daQo5meWvRTF2aIuutjGDk0uPPRm5KcVBAQNqsyKL2G+JNni3uM/B4Te87fmzw==",
      "dependencies": {
        "@progress/kendo-svg-icons": "3.0.0",
        "@progress/kendo-theme-core": "8.2.0",
        "@progress/kendo-theme-utils": "8.2.0"
      }
    },
    "node_modules/@progress/kendo-theme-utils": {
      "version": "8.2.0",
      "resolved": "https://registry.npmjs.org/@progress/kendo-theme-utils/-/kendo-theme-utils-8.2.0.tgz",
      "integrity": "sha512-LNjcdyzxXIdBGuLLPlLgfK+rC4eIWPKAMpvRjdwyeQUMf119Y7vRp5LBKwU2MK5Lg1ojPuI5te9VUtlvaSCg1A==",
      "dependencies": {
        "@progress/kendo-theme-core": "8.2.0"
      }
    }
  }
}
